{
  "nodes": {
    "devshell": {
      "inputs": {
        "flake-utils": "flake-utils",
        "nixpkgs": [
          "dsf",
          "nixpkgs"
        ]
      },
      "locked": {
        "lastModified": 1675790942,
        "narHash": "sha256-UfXATFXxACtdMQmwRZIdOc6CT4mwgbZBAnGxiUkgUM4=",
        "owner": "numtide",
        "repo": "devshell",
        "rev": "6fe837bb4f540a1832522ec54604c453757836b2",
        "type": "github"
      },
      "original": {
        "owner": "numtide",
        "repo": "devshell",
        "type": "github"
      }
    },
    "devshell_2": {
      "inputs": {
        "flake-utils": [
          "gha",
          "dsf",
          "flake-utils"
        ],
        "nixpkgs": [
          "gha",
          "dsf",
          "nixpkgs"
        ]
      },
      "locked": {
        "lastModified": 1663445644,
        "narHash": "sha256-+xVlcK60x7VY1vRJbNUEAHi17ZuoQxAIH4S4iUFUGBA=",
        "owner": "numtide",
        "repo": "devshell",
        "rev": "e3dc3e21594fe07bdb24bdf1c8657acaa4cb8f66",
        "type": "github"
      },
      "original": {
        "owner": "numtide",
        "repo": "devshell",
        "type": "github"
      }
    },
    "dsf": {
      "inputs": {
        "devshell": "devshell",
        "nixpkgs": "nixpkgs"
      },
      "locked": {
        "lastModified": 1676527702,
        "narHash": "sha256-SNNv36OltkXVasyoqiE6wbgm1BrHYGU+/ZHgO+cgIYY=",
        "owner": "cruel-intentions",
        "repo": "devshell-files",
        "rev": "7963051a85dc006e1d6a6b864e30161a3b67546b",
        "type": "github"
      },
      "original": {
        "owner": "cruel-intentions",
        "repo": "devshell-files",
        "type": "github"
      }
    },
    "dsf_2": {
      "inputs": {
        "devshell": "devshell_2",
        "flake-utils": "flake-utils_2",
        "nixpkgs": "nixpkgs_2"
      },
      "locked": {
        "lastModified": 1675979406,
        "narHash": "sha256-iaocPWm6//7ChW5clSVzLxxeB6iUnmwHun5Ku1UhVj4=",
        "owner": "cruel-intentions",
        "repo": "devshell-files",
        "rev": "0a7adbea07f7dbc66d7b2543505d4a79d449e5ae",
        "type": "github"
      },
      "original": {
        "owner": "cruel-intentions",
        "repo": "devshell-files",
        "type": "github"
      }
    },
    "flake-utils": {
      "locked": {
        "lastModified": 1642700792,
        "narHash": "sha256-XqHrk7hFb+zBvRg6Ghl+AZDq03ov6OshJLiSWOoX5es=",
        "owner": "numtide",
        "repo": "flake-utils",
        "rev": "846b2ae0fc4cc943637d3d1def4454213e203cba",
        "type": "github"
      },
      "original": {
        "owner": "numtide",
        "repo": "flake-utils",
        "type": "github"
      }
    },
    "flake-utils_2": {
      "locked": {
        "lastModified": 1659877975,
        "narHash": "sha256-zllb8aq3YO3h8B/U0/J1WBgAL8EX5yWf5pMj3G0NAmc=",
        "owner": "numtide",
        "repo": "flake-utils",
        "rev": "c0e246b9b83f637f4681389ecabcb2681b4f3af0",
        "type": "github"
      },
      "original": {
        "owner": "numtide",
        "repo": "flake-utils",
        "type": "github"
      }
    },
    "gha": {
      "inputs": {
        "dsf": "dsf_2"
      },
      "locked": {
        "lastModified": 1676007062,
        "narHash": "sha256-3kkNHcVbLjSf3DJzRClvf0wWomVy98Uy2yjOH8dCIVk=",
        "owner": "cruel-intentions",
        "repo": "gh-actions",
        "rev": "fc66609e69a3e638c60800335c185b02e4438e2f",
        "type": "github"
      },
      "original": {
        "owner": "cruel-intentions",
        "repo": "gh-actions",
        "type": "github"
      }
    },
    "nixpkgs": {
      "locked": {
        "lastModified": 1676003493,
        "narHash": "sha256-D7al8mRCMBu6eOF62Nlx1jzCSU6odbBK/OJVynqnMHc=",
        "owner": "nixos",
        "repo": "nixpkgs",
        "rev": "8866a38d4d24542f2a355b6b2c7591a4bc78b343",
        "type": "github"
      },
      "original": {
        "owner": "nixos",
        "ref": "release-22.11",
        "repo": "nixpkgs",
        "type": "github"
      }
    },
    "nixpkgs_2": {
      "locked": {
        "lastModified": 1653936696,
        "narHash": "sha256-M6bJShji9AIDZ7Kh7CPwPBPb/T7RiVev2PAcOi4fxDQ=",
        "owner": "nixos",
        "repo": "nixpkgs",
        "rev": "ce6aa13369b667ac2542593170993504932eb836",
        "type": "github"
      },
      "original": {
        "owner": "nixos",
        "ref": "22.05",
        "repo": "nixpkgs",
        "type": "github"
      }
    },
    "root": {
      "inputs": {
        "dsf": "dsf",
        "gha": "gha"
      }
    }
  },
  "root": "root",
  "version": 7
}
